// !$*UTF8*$!
{
	archiveVersion = 1;
	classes = {
	};
	objectVersion = 50;
	objects = {

/* Begin PBXBuildFile section */
		C27726EA247B173E0057E98A /* AppDelegate.swift in Sources */ = {isa = PBXBuildFile; fileRef = C27726E9247B173E0057E98A /* AppDelegate.swift */; };
		C27726EC247B173E0057E98A /* SceneDelegate.swift in Sources */ = {isa = PBXBuildFile; fileRef = C27726EB247B173E0057E98A /* SceneDelegate.swift */; };
		C27726EE247B173E0057E98A /* ViewController.swift in Sources */ = {isa = PBXBuildFile; fileRef = C27726ED247B173E0057E98A /* ViewController.swift */; };
		C27726F1247B173E0057E98A /* Main.storyboard in Resources */ = {isa = PBXBuildFile; fileRef = C27726EF247B173E0057E98A /* Main.storyboard */; };
		C27726F3247B173F0057E98A /* Assets.xcassets in Resources */ = {isa = PBXBuildFile; fileRef = C27726F2247B173F0057E98A /* Assets.xcassets */; };
		C27726F6247B173F0057E98A /* LaunchScreen.storyboard in Resources */ = {isa = PBXBuildFile; fileRef = C27726F4247B173F0057E98A /* LaunchScreen.storyboard */; };
		C27726FE247B1C210057E98A /* Petition.swift in Sources */ = {isa = PBXBuildFile; fileRef = C27726FD247B1C210057E98A /* Petition.swift */; };
		C2772700247B1CBC0057E98A /* Petitions.swift in Sources */ = {isa = PBXBuildFile; fileRef = C27726FF247B1CBC0057E98A /* Petitions.swift */; };
		C2772702247B254C0057E98A /* DetailViewController.swift in Sources */ = {isa = PBXBuildFile; fileRef = C2772701247B254C0057E98A /* DetailViewController.swift */; };
/* End PBXBuildFile section */

/* Begin PBXFileReference section */
		C27726E6247B173E0057E98A /* Project7.app */ = {isa = PBXFileReference; explicitFileType = wrapper.application; includeInIndex = 0; path = Project7.app; sourceTree = BUILT_PRODUCTS_DIR; };
		C27726E9247B173E0057E98A /* AppDelegate.swift */ = {isa = PBXFileReference; lastKnownFileType = sourcecode.swift; path = AppDelegate.swift; sourceTree = "<group>"; };
		C27726EB247B173E0057E98A /* SceneDelegate.swift */ = {isa = PBXFileReference; lastKnownFileType = sourcecode.swift; path = SceneDelegate.swift; sourceTree = "<group>"; };
		C27726ED247B173E0057E98A /* ViewController.swift */ = {isa = PBXFileReference; lastKnownFileType = sourcecode.swift; path = ViewController.swift; sourceTree = "<group>"; };
		C27726F0247B173E0057E98A /* Base */ = {isa = PBXFileReference; lastKnownFileType = file.storyboard; name = Base; path = Base.lproj/Main.storyboard; sourceTree = "<group>"; };
		C27726F2247B173F0057E98A /* Assets.xcassets */ = {isa = PBXFileReference; lastKnownFileType = folder.assetcatalog; path = Assets.xcassets; sourceTree = "<group>"; };
		C27726F5247B173F0057E98A /* Base */ = {isa = PBXFileReference; lastKnownFileType = file.storyboard; name = Base; path = Base.lproj/LaunchScreen.storyboard; sourceTree = "<group>"; };
		C27726F7247B173F0057E98A /* Info.plist */ = {isa = PBXFileReference; lastKnownFileType = text.plist.xml; path = Info.plist; sourceTree = "<group>"; };
		C27726FD247B1C210057E98A /* Petition.swift */ = {isa = PBXFileReference; lastKnownFileType = sourcecode.swift; path = Petition.swift; sourceTree = "<group>"; };
		C27726FF247B1CBC0057E98A /* Petitions.swift */ = {isa = PBXFileReference; lastKnownFileType = sourcecode.swift; path = Petitions.swift; sourceTree = "<group>"; };
		C2772701247B254C0057E98A /* DetailViewController.swift */ = {isa = PBXFileReference; lastKnownFileType = sourcecode.swift; path = DetailViewController.swift; sourceTree = "<group>"; };
/* End PBXFileReference section */

/* Begin PBXFrameworksBuildPhase section */
		C27726E3247B173E0057E98A /* Frameworks */ = {
			isa = PBXFrameworksBuildPhase;
			buildActionMask = 2147483647;
			files = (
			);
			runOnlyForDeploymentPostprocessing = 0;
		};
/* End PBXFrameworksBuildPhase section */

/* Begin PBXGroup section */
		C27726DD247B173E0057E98A = {
			isa = PBXGroup;
			children = (
				C27726E8247B173E0057E98A /* Project7 */,
				C27726E7247B173E0057E98A /* Products */,
			);
			sourceTree = "<group>";
		};
		C27726E7247B173E0057E98A /* Products */ = {
			isa = PBXGroup;
			children = (
				C27726E6247B173E0057E98A /* Project7.app */,
			);
			name = Products;
			sourceTree = "<group>";
		};
		C27726E8247B173E0057E98A /* Project7 */ = {
			isa = PBXGroup;
			children = (
				C27726E9247B173E0057E98A /* AppDelegate.swift */,
				C27726EB247B173E0057E98A /* SceneDelegate.swift */,
				C27726ED247B173E0057E98A /* ViewController.swift */,
				C2772701247B254C0057E98A /* DetailViewController.swift */,
				C27726EF247B173E0057E98A /* Main.storyboard */,
				C27726F2247B173F0057E98A /* Assets.xcassets */,
				C27726F4247B173F0057E98A /* LaunchScreen.storyboard */,
				C27726F7247B173F0057E98A /* Info.plist */,
				C27726FD247B1C210057E98A /* Petition.swift */,
				C27726FF247B1CBC0057E98A /* Petitions.swift */,
			);
			path = Project7;
			sourceTree = "<group>";
		};
/* End PBXGroup section */

/* Begin PBXNativeTarget section */
		C27726E5247B173E0057E98A /* Project7 */ = {
			isa = PBXNativeTarget;
			buildConfigurationList = C27726FA247B173F0057E98A /* Build configuration list for PBXNativeTarget "Project7" */;
			buildPhases = (
				C27726E2247B173E0057E98A /* Sources */,
				C27726E3247B173E0057E98A /* Frameworks */,
				C27726E4247B173E0057E98A /* Resources */,
			);
			buildRules = (
			);
			dependencies = (
			);
			name = Project7;
			productName = Project7;
			productReference = C27726E6247B173E0057E98A /* Project7.app */;
			productType = "com.apple.product-type.application";
		};
/* End PBXNativeTarget section */

/* Begin PBXProject section */
		C27726DE247B173E0057E98A /* Project object */ = {
			isa = PBXProject;
			attributes = {
				LastSwiftUpdateCheck = 1130;
				LastUpgradeCheck = 1130;
				ORGANIZATIONNAME = AnhWorld;
				TargetAttributes = {
					C27726E5247B173E0057E98A = {
						CreatedOnToolsVersion = 11.3;
					};
				};
			};
			buildConfigurationList = C27726E1247B173E0057E98A /* Build configuration list for PBXProject "Project7" */;
			compatibilityVersion = "Xcode 9.3";
			developmentRegion = en;
			hasScannedForEncodings = 0;
			knownRegions = (
				en,
				Base,
			);
			mainGroup = C27726DD247B173E0057E98A;
			productRefGroup = C27726E7247B173E0057E98A /* Products */;
			projectDirPath = "";
			projectRoot = "";
			targets = (
				C27726E5247B173E0057E98A /* Project7 */,
			);
		};
/* End PBXProject section */

/* Begin PBXResourcesBuildPhase section */
		C27726E4247B173E0057E98A /* Resources */ = {
			isa = PBXResourcesBuildPhase;
			buildActionMask = 2147483647;
			files = (
				C27726F6247B173F0057E98A /* LaunchScreen.storyboard in Resources */,
				C27726F3247B173F0057E98A /* Assets.xcassets in Resources */,
				C27726F1247B173E0057E98A /* Main.storyboard in Resources */,
			);
			runOnlyForDeploymentPostprocessing = 0;
		};
/* End PBXResourcesBuildPhase section */

/* Begin PBXSourcesBuildPhase section */
		C27726E2247B173E0057E98A /* Sources */ = {
			isa = PBXSourcesBuildPhase;
			buildActionMask = 2147483647;
			files = (
				C27726EE247B173E0057E98A /* ViewController.swift in Sources */,
				C27726FE247B1C210057E98A /* Petition.swift in Sources */,
				C27726EA247B173E0057E98A /* AppDelegate.swift in Sources */,
				C2772702247B254C0057E98A /* DetailViewController.swift in Sources */,
				C27726EC247B173E0057E98A /* SceneDelegate.swift in Sources */,
				C2772700247B1CBC0057E98A /* Petitions.swift in Sources */,
			);
			runOnlyForDeploymentPostprocessing = 0;
		};
/* End PBXSourcesBuildPhase section */

/* Begin PBXVariantGroup section */
		C27726EF247B173E0057E98A /* Main.storyboard */ = {
			isa = PBXVariantGroup;
			children = (
				C27726F0247B173E0057E98A /* Base */,
			);
			name = Main.storyboard;
			sourceTree = "<group>";
		};
		C27726F4247B173F0057E98A /* LaunchScreen.storyboard */ = {
			isa = PBXVariantGroup;
			children = (
				C27726F5247B173F0057E98A /* Base */,
			);
			name = LaunchScreen.storyboard;
			sourceTree = "<group>";
		};
/* End PBXVariantGroup section */

/* Begin XCBuildConfiguration section */
		C27726F8247B173F0057E98A /* Debug */ = {
			isa = XCBuildConfiguration;
			buildSettings = {
				ALWAYS_SEARCH_USER_PATHS = NO;
				CLANG_ANALYZER_NONNULL = YES;
				CLANG_ANALYZER_NUMBER_OBJECT_CONVERSION = YES_AGGRESSIVE;
				CLANG_CXX_LANGUAGE_STANDARD = "gnu++14";
				CLANG_CXX_LIBRARY = "libc++";
				CLANG_ENABLE_MODULES = YES;
				CLANG_ENABLE_OBJC_ARC = YES;
				CLANG_ENABLE_OBJC_WEAK = YES;
				CLANG_WARN_BLOCK_CAPTURE_AUTORELEASING = YES;
				CLANG_WARN_BOOL_CONVERSION = YES;
				CLANG_WARN_COMMA = YES;
				CLANG_WARN_CONSTANT_CONVERSION = YES;
				CLANG_WARN_DEPRECATED_OBJC_IMPLEMENTATIONS = YES;
				CLANG_WARN_DIRECT_OBJC_ISA_USAGE = YES_ERROR;
				CLANG_WARN_DOCUMENTATION_COMMENTS = YES;
				CLANG_WARN_EMPTY_BODY = YES;
				CLANG_WARN_ENUM_CONVERSION = YES;
				CLANG_WARN_INFINITE_RECURSION = YES;
				CLANG_WARN_INT_CONVERSION = YES;
				CLANG_WARN_NON_LITERAL_NULL_CONVERSION = YES;
				CLANG_WARN_OBJC_IMPLICIT_RETAIN_SELF = YES;
				CLANG_WARN_OBJC_LITERAL_CONVERSION = YES;
				CLANG_WARN_OBJC_ROOT_CLASS = YES_ERROR;
				CLANG_WARN_RANGE_LOOP_ANALYSIS = YES;
				CLANG_WARN_STRICT_PROTOTYPES = YES;
				CLANG_WARN_SUSPICIOUS_MOVE = YES;
				CLANG_WARN_UNGUARDED_AVAILABILITY = YES_AGGRESSIVE;
				CLANG_WARN_UNREACHABLE_CODE = YES;
				CLANG_WARN__DUPLICATE_METHOD_MATCH = YES;
				COPY_PHASE_STRIP = NO;
				DEBUG_INFORMATION_FORMAT = dwarf;
				ENABLE_STRICT_OBJC_MSGSEND = YES;
				ENABLE_TESTABILITY = YES;
				GCC_C_LANGUAGE_STANDARD = gnu11;
				GCC_DYNAMIC_NO_PIC = NO;
				GCC_NO_COMMON_BLOCKS = YES;
				GCC_OPTIMIZATION_LEVEL = 0;
				GCC_PREPROCESSOR_DEFINITIONS = (
					"DEBUG=1",
					"$(inherited)",
				);
				GCC_WARN_64_TO_32_BIT_CONVERSION = YES;
				GCC_WARN_ABOUT_RETURN_TYPE = YES_ERROR;
				GCC_WARN_UNDECLARED_SELECTOR = YES;
				GCC_WARN_UNINITIALIZED_AUTOS = YES_AGGRESSIVE;
				GCC_WARN_UNUSED_FUNCTION = YES;
				GCC_WARN_UNUSED_VARIABLE = YES;
				IPHONEOS_DEPLOYMENT_TARGET = 13.2;
				MTL_ENABLE_DEBUG_INFO = INCLUDE_SOURCE;
				MTL_FAST_MATH = YES;
				ONLY_ACTIVE_ARCH = YES;
				SDKROOT = iphoneos;
				SWIFT_ACTIVE_COMPILATION_CONDITIONS = DEBUG;
				SWIFT_OPTIMIZATION_LEVEL = "-Onone";
			};
			name = Debug;
		};
		C27726F9247B173F0057E98A /* Release */ = {
			isa = XCBuildConfiguration;
			buildSettings = {
				ALWAYS_SEARCH_USER_PATHS = NO;
				CLANG_ANALYZER_NONNULL = YES;
				CLANG_ANALYZER_NUMBER_OBJECT_CONVERSION = YES_AGGRESSIVE;
				CLANG_CXX_LANGUAGE_STANDARD = "gnu++14";
				CLANG_CXX_LIBRARY = "libc++";
				CLANG_ENABLE_MODULES = YES;
				CLANG_ENABLE_OBJC_ARC = YES;
				CLANG_ENABLE_OBJC_WEAK = YES;
				CLANG_WARN_BLOCK_CAPTURE_AUTORELEASING = YES;
				CLANG_WARN_BOOL_CONVERSION = YES;
				CLANG_WARN_COMMA = YES;
				CLANG_WARN_CONSTANT_CONVERSION = YES;
				CLANG_WARN_DEPRECATED_OBJC_IMPLEMENTATIONS = YES;
				CLANG_WARN_DIRECT_OBJC_ISA_USAGE = YES_ERROR;
				CLANG_WARN_DOCUMENTATION_COMMENTS = YES;
				CLANG_WARN_EMPTY_BODY = YES;
				CLANG_WARN_ENUM_CONVERSION = YES;
				CLANG_WARN_INFINITE_RECURSION = YES;
				CLANG_WARN_INT_CONVERSION = YES;
				CLANG_WARN_NON_LITERAL_NULL_CONVERSION = YES;
				CLANG_WARN_OBJC_IMPLICIT_RETAIN_SELF = YES;
				CLANG_WARN_OBJC_LITERAL_CONVERSION = YES;
				CLANG_WARN_OBJC_ROOT_CLASS = YES_ERROR;
				CLANG_WARN_RANGE_LOOP_ANALYSIS = YES;
				CLANG_WARN_STRICT_PROTOTYPES = YES;
				CLANG_WARN_SUSPICIOUS_MOVE = YES;
				CLANG_WARN_UNGUARDED_AVAILABILITY = YES_AGGRESSIVE;
				CLANG_WARN_UNREACHABLE_CODE = YES;
				CLANG_WARN__DUPLICATE_METHOD_MATCH = YES;
				COPY_PHASE_STRIP = NO;
				DEBUG_INFORMATION_FORMAT = "dwarf-with-dsym";
				ENABLE_NS_ASSERTIONS = NO;
				ENABLE_STRICT_OBJC_MSGSEND = YES;
				GCC_C_LANGUAGE_STANDARD = gnu11;
				GCC_NO_COMMON_BLOCKS = YES;
				GCC_WARN_64_TO_32_BIT_CONVERSION = YES;
				GCC_WARN_ABOUT_RETURN_TYPE = YES_ERROR;
				GCC_WARN_UNDECLARED_SELECTOR = YES;
				GCC_WARN_UNINITIALIZED_AUTOS = YES_AGGRESSIVE;
				GCC_WARN_UNUSED_FUNCTION = YES;
				GCC_WARN_UNUSED_VARIABLE = YES;
				IPHONEOS_DEPLOYMENT_TARGET = 13.2;
				MTL_ENABLE_DEBUG_INFO = NO;
				MTL_FAST_MATH = YES;
				SDKROOT = iphoneos;
				SWIFT_COMPILATION_MODE = wholemodule;
				SWIFT_OPTIMIZATION_LEVEL = "-O";
				VALIDATE_PRODUCT = YES;
			};
			name = Release;
		};
		C27726FB247B173F0057E98A /* Debug */ = {
			isa = XCBuildConfiguration;
			buildSettings = {
				ASSETCATALOG_COMPILER_APPICON_NAME = AppIcon;
				CODE_SIGN_STYLE = Automatic;
				DEVELOPMENT_TEAM = 5ZB75FM9ZF;
				INFOPLIST_FILE = Project7/Info.plist;
				LD_RUNPATH_SEARCH_PATHS = (
					"$(inherited)",
					"@executable_path/Frameworks",
				);
				PRODUCT_BUNDLE_IDENTIFIER = anhworld.Project7;
				PRODUCT_NAME = "$(TARGET_NAME)";
				SWIFT_VERSION = 5.0;
				TARGETED_DEVICE_FAMILY = "1,2";
			};
			name = Debug;
		};
		C27726FC247B173F0057E98A /* Release */ = {
			isa = XCBuildConfiguration;
			buildSettings = {
				ASSETCATALOG_COMPILER_APPICON_NAME = AppIcon;
				CODE_SIGN_STYLE = Automatic;
				DEVELOPMENT_TEAM = 5ZB75FM9ZF;
				INFOPLIST_FILE = Project7/Info.plist;
				LD_RUNPATH_SEARCH_PATHS = (
					"$(inherited)",
					"@executable_path/Frameworks",
				);
				PRODUCT_BUNDLE_IDENTIFIER = anhworld.Project7;
				PRODUCT_NAME = "$(TARGET_NAME)";
				SWIFT_VERSION = 5.0;
				TARGETED_DEVICE_FAMILY = "1,2";
			};
			name = Release;
		};
/* End XCBuildConfiguration section */

/* Begin XCConfigurationList section */
		C27726E1247B173E0057E98A /* Build configuration list for PBXProject "Project7" */ = {
			isa = XCConfigurationList;
			buildConfigurations = (
				C27726F8247B173F0057E98A /* Debug */,
				C27726F9247B173F0057E98A /* Release */,
			);
			defaultConfigurationIsVisible = 0;
			defaultConfigurationName = Release;
		};
		C27726FA247B173F0057E98A /* Build configuration list for PBXNativeTarget "Project7" */ = {
			isa = XCConfigurationList;
			buildConfigurations = (
				C27726FB247B173F0057E98A /* Debug */,
				C27726FC247B173F0057E98A /* Release */,
			);
			defaultConfigurationIsVisible = 0;
			defaultConfigurationName = Release;
		};
/* End XCConfigurationList section */
	};
	rootObject = C27726DE247B173E0057E98A /* Project object */;
}
